
Microsoft Visual Studio Solution File, Format Version 12.00
# Visual Studio 15
VisualStudioVersion = 15.0.28307.271
MinimumVisualStudioVersion = 10.0.40219.1
Project("{FAE04EC0-301F-11D3-BF4B-00C04F79EFBC}") = "my first class App", "my first class App\my first class App.csproj", "{56F417AB-E43C-4C92-810F-0DCF7912AC01}"
EndProject
Global
	GlobalSection(SolutionConfigurationPlatforms) = preSolution
		Debug|Any CPU = Debug|Any CPU
		Release|Any CPU = Release|Any CPU
	EndGlobalSection
	GlobalSection(ProjectConfigurationPlatforms) = postSolution
		{56F417AB-E43C-4C92-810F-0DCF7912AC01}.Debug|Any CPU.ActiveCfg = Debug|Any CPU
		{56F417AB-E43C-4C92-810F-0DCF7912AC01}.Debug|Any CPU.Build.0 = Debug|Any CPU
		{56F417AB-E43C-4C92-810F-0DCF7912AC01}.Release|Any CPU.ActiveCfg = Release|Any CPU
		{56F417AB-E43C-4C92-810F-0DCF7912AC01}.Release|Any CPU.Build.0 = Release|Any CPU
	EndGlobalSection
	GlobalSection(SolutionProperties) = preSolution
		HideSolutionNode = FALSE
	EndGlobalSection
	GlobalSection(ExtensibilityGlobals) = postSolution
		SolutionGuid = {1D457B46-E4F7-4CEF-BECD-A193ADA1B916}
	EndGlobalSection
EndGlobal
